
Microsoft Visual Studio Solution File, Format Version 12.00
# Visual Studio Version 17
VisualStudioVersion = 17.7.34024.191
MinimumVisualStudioVersion = 10.0.40219.1
Project("{FAE04EC0-301F-11D3-BF4B-00C04F79EFBC}") = "CRoyale.Client", "CRoyale.Client\CRoyale.Client.csproj", "{FC1D8F49-1454-4403-8DD2-99B22F860F76}"
EndProject
Project("{FAE04EC0-301F-11D3-BF4B-00C04F79EFBC}") = "CRoyale.Domain", "CRoyale.Domain\CRoyale.Domain.csproj", "{92E79C1B-66CF-4F20-A0DA-5C8979CEE5E1}"
EndProject
Global
	GlobalSection(SolutionConfigurationPlatforms) = preSolution
		Debug|Any CPU = Debug|Any CPU
		Release|Any CPU = Release|Any CPU
	EndGlobalSection
	GlobalSection(ProjectConfigurationPlatforms) = postSolution
		{FC1D8F49-1454-4403-8DD2-99B22F860F76}.Debug|Any CPU.ActiveCfg = Debug|Any CPU
		{FC1D8F49-1454-4403-8DD2-99B22F860F76}.Debug|Any CPU.Build.0 = Debug|Any CPU
		{FC1D8F49-1454-4403-8DD2-99B22F860F76}.Release|Any CPU.ActiveCfg = Release|Any CPU
		{FC1D8F49-1454-4403-8DD2-99B22F860F76}.Release|Any CPU.Build.0 = Release|Any CPU
		{92E79C1B-66CF-4F20-A0DA-5C8979CEE5E1}.Debug|Any CPU.ActiveCfg = Debug|Any CPU
		{92E79C1B-66CF-4F20-A0DA-5C8979CEE5E1}.Debug|Any CPU.Build.0 = Debug|Any CPU
		{92E79C1B-66CF-4F20-A0DA-5C8979CEE5E1}.Release|Any CPU.ActiveCfg = Release|Any CPU
		{92E79C1B-66CF-4F20-A0DA-5C8979CEE5E1}.Release|Any CPU.Build.0 = Release|Any CPU
	EndGlobalSection
	GlobalSection(SolutionProperties) = preSolution
		HideSolutionNode = FALSE
	EndGlobalSection
	GlobalSection(ExtensibilityGlobals) = postSolution
		SolutionGuid = {7F68C9B2-70C8-4305-8F71-49273F330559}
	EndGlobalSection
EndGlobal
